// !$*UTF8*$!
{
	archiveVersion = 1;
	classes = {
	};
	objectVersion = 46;
	objects = {

/* Begin PBXBuildFile section */
		04A1350F164F27500070B6AE /* UIKit.framework in Frameworks */ = {isa = PBXBuildFile; fileRef = 04A1350E164F27500070B6AE /* UIKit.framework */; };
		04A13511164F27500070B6AE /* Foundation.framework in Frameworks */ = {isa = PBXBuildFile; fileRef = 04A13510164F27500070B6AE /* Foundation.framework */; };
		04A13513164F27500070B6AE /* CoreGraphics.framework in Frameworks */ = {isa = PBXBuildFile; fileRef = 04A13512164F27500070B6AE /* CoreGraphics.framework */; };
		04A13519164F27500070B6AE /* InfoPlist.strings in Resources */ = {isa = PBXBuildFile; fileRef = 04A13517164F27500070B6AE /* InfoPlist.strings */; };
		04A1351B164F27500070B6AE /* main.m in Sources */ = {isa = PBXBuildFile; fileRef = 04A1351A164F27500070B6AE /* main.m */; };
		04A1351F164F27500070B6AE /* AppDelegate.m in Sources */ = {isa = PBXBuildFile; fileRef = 04A1351E164F27500070B6AE /* AppDelegate.m */; };
		04A13521164F27500070B6AE /* Default.png in Resources */ = {isa = PBXBuildFile; fileRef = 04A13520164F27500070B6AE /* Default.png */; };
		04A13523164F27500070B6AE /* Default@2x.png in Resources */ = {isa = PBXBuildFile; fileRef = 04A13522164F27500070B6AE /* Default@2x.png */; };
		04A13525164F27500070B6AE /* Default-568h@2x.png in Resources */ = {isa = PBXBuildFile; fileRef = 04A13524164F27500070B6AE /* Default-568h@2x.png */; };
		04A13528164F27500070B6AE /* ViewController.m in Sources */ = {isa = PBXBuildFile; fileRef = 04A13527164F27500070B6AE /* ViewController.m */; };
		04A1352B164F27500070B6AE /* ViewController.xib in Resources */ = {isa = PBXBuildFile; fileRef = 04A13529164F27500070B6AE /* ViewController.xib */; };
		04A13533164F2EE70070B6AE /* Sample_NSString.m in Sources */ = {isa = PBXBuildFile; fileRef = 04A13532164F2EE70070B6AE /* Sample_NSString.m */; };
		04A13536164F2FDB0070B6AE /* Sample_Blocks.m in Sources */ = {isa = PBXBuildFile; fileRef = 04A13535164F2FDB0070B6AE /* Sample_Blocks.m */; };
		04A13539164F32210070B6AE /* Sample_Dic&Array.m in Sources */ = {isa = PBXBuildFile; fileRef = 04A13538164F32210070B6AE /* Sample_Dic&Array.m */; };
/* End PBXBuildFile section */

/* Begin PBXFileReference section */
		04A1350A164F27500070B6AE /* SampleProject.app */ = {isa = PBXFileReference; explicitFileType = wrapper.application; includeInIndex = 0; path = SampleProject.app; sourceTree = BUILT_PRODUCTS_DIR; };
		04A1350E164F27500070B6AE /* UIKit.framework */ = {isa = PBXFileReference; lastKnownFileType = wrapper.framework; name = UIKit.framework; path = System/Library/Frameworks/UIKit.framework; sourceTree = SDKROOT; };
		04A13510164F27500070B6AE /* Foundation.framework */ = {isa = PBXFileReference; lastKnownFileType = wrapper.framework; name = Foundation.framework; path = System/Library/Frameworks/Foundation.framework; sourceTree = SDKROOT; };
		04A13512164F27500070B6AE /* CoreGraphics.framework */ = {isa = PBXFileReference; lastKnownFileType = wrapper.framework; name = CoreGraphics.framework; path = System/Library/Frameworks/CoreGraphics.framework; sourceTree = SDKROOT; };
		04A13516164F27500070B6AE /* SampleProject-Info.plist */ = {isa = PBXFileReference; lastKnownFileType = text.plist.xml; path = "SampleProject-Info.plist"; sourceTree = "<group>"; };
		04A13518164F27500070B6AE /* en */ = {isa = PBXFileReference; lastKnownFileType = text.plist.strings; name = en; path = en.lproj/InfoPlist.strings; sourceTree = "<group>"; };
		04A1351A164F27500070B6AE /* main.m */ = {isa = PBXFileReference; lastKnownFileType = sourcecode.c.objc; path = main.m; sourceTree = "<group>"; };
		04A1351C164F27500070B6AE /* SampleProject-Prefix.pch */ = {isa = PBXFileReference; lastKnownFileType = sourcecode.c.h; path = "SampleProject-Prefix.pch"; sourceTree = "<group>"; };
		04A1351D164F27500070B6AE /* AppDelegate.h */ = {isa = PBXFileReference; lastKnownFileType = sourcecode.c.h; path = AppDelegate.h; sourceTree = "<group>"; };
		04A1351E164F27500070B6AE /* AppDelegate.m */ = {isa = PBXFileReference; lastKnownFileType = sourcecode.c.objc; path = AppDelegate.m; sourceTree = "<group>"; };
		04A13520164F27500070B6AE /* Default.png */ = {isa = PBXFileReference; lastKnownFileType = image.png; path = Default.png; sourceTree = "<group>"; };
		04A13522164F27500070B6AE /* Default@2x.png */ = {isa = PBXFileReference; lastKnownFileType = image.png; path = "Default@2x.png"; sourceTree = "<group>"; };
		04A13524164F27500070B6AE /* Default-568h@2x.png */ = {isa = PBXFileReference; lastKnownFileType = image.png; path = "Default-568h@2x.png"; sourceTree = "<group>"; };
		04A13526164F27500070B6AE /* ViewController.h */ = {isa = PBXFileReference; lastKnownFileType = sourcecode.c.h; path = ViewController.h; sourceTree = "<group>"; };
		04A13527164F27500070B6AE /* ViewController.m */ = {isa = PBXFileReference; lastKnownFileType = sourcecode.c.objc; path = ViewController.m; sourceTree = "<group>"; };
		04A1352A164F27500070B6AE /* en */ = {isa = PBXFileReference; lastKnownFileType = file.xib; name = en; path = en.lproj/ViewController.xib; sourceTree = "<group>"; };
		04A13531164F2EE70070B6AE /* Sample_NSString.h */ = {isa = PBXFileReference; fileEncoding = 4; lastKnownFileType = sourcecode.c.h; path = Sample_NSString.h; sourceTree = "<group>"; };
		04A13532164F2EE70070B6AE /* Sample_NSString.m */ = {isa = PBXFileReference; fileEncoding = 4; lastKnownFileType = sourcecode.c.objc; path = Sample_NSString.m; sourceTree = "<group>"; };
		04A13534164F2FDB0070B6AE /* Sample_Blocks.h */ = {isa = PBXFileReference; fileEncoding = 4; lastKnownFileType = sourcecode.c.h; path = Sample_Blocks.h; sourceTree = "<group>"; };
		04A13535164F2FDB0070B6AE /* Sample_Blocks.m */ = {isa = PBXFileReference; fileEncoding = 4; lastKnownFileType = sourcecode.c.objc; path = Sample_Blocks.m; sourceTree = "<group>"; };
		04A13537164F32210070B6AE /* Sample_Dic&Array.h */ = {isa = PBXFileReference; fileEncoding = 4; lastKnownFileType = sourcecode.c.h; path = "Sample_Dic&Array.h"; sourceTree = "<group>"; };
		04A13538164F32210070B6AE /* Sample_Dic&Array.m */ = {isa = PBXFileReference; fileEncoding = 4; lastKnownFileType = sourcecode.c.objc; path = "Sample_Dic&Array.m"; sourceTree = "<group>"; };
/* End PBXFileReference section */

/* Begin PBXFrameworksBuildPhase section */
		04A13507164F27500070B6AE /* Frameworks */ = {
			isa = PBXFrameworksBuildPhase;
			buildActionMask = 2147483647;
			files = (
				04A1350F164F27500070B6AE /* UIKit.framework in Frameworks */,
				04A13511164F27500070B6AE /* Foundation.framework in Frameworks */,
				04A13513164F27500070B6AE /* CoreGraphics.framework in Frameworks */,
			);
			runOnlyForDeploymentPostprocessing = 0;
		};
/* End PBXFrameworksBuildPhase section */

/* Begin PBXGroup section */
		04A134FF164F27500070B6AE = {
			isa = PBXGroup;
			children = (
				04A13514164F27500070B6AE /* SampleProject */,
				04A1350D164F27500070B6AE /* Frameworks */,
				04A1350B164F27500070B6AE /* Products */,
			);
			sourceTree = "<group>";
		};
		04A1350B164F27500070B6AE /* Products */ = {
			isa = PBXGroup;
			children = (
				04A1350A164F27500070B6AE /* SampleProject.app */,
			);
			name = Products;
			sourceTree = "<group>";
		};
		04A1350D164F27500070B6AE /* Frameworks */ = {
			isa = PBXGroup;
			children = (
				04A1350E164F27500070B6AE /* UIKit.framework */,
				04A13510164F27500070B6AE /* Foundation.framework */,
				04A13512164F27500070B6AE /* CoreGraphics.framework */,
			);
			name = Frameworks;
			sourceTree = "<group>";
		};
		04A13514164F27500070B6AE /* SampleProject */ = {
			isa = PBXGroup;
			children = (
				04A1351D164F27500070B6AE /* AppDelegate.h */,
				04A1351E164F27500070B6AE /* AppDelegate.m */,
				04A13526164F27500070B6AE /* ViewController.h */,
				04A13527164F27500070B6AE /* ViewController.m */,
				04A13529164F27500070B6AE /* ViewController.xib */,
				04A13515164F27500070B6AE /* Supporting Files */,
				04A13531164F2EE70070B6AE /* Sample_NSString.h */,
				04A13532164F2EE70070B6AE /* Sample_NSString.m */,
				04A13534164F2FDB0070B6AE /* Sample_Blocks.h */,
				04A13535164F2FDB0070B6AE /* Sample_Blocks.m */,
				04A13537164F32210070B6AE /* Sample_Dic&Array.h */,
				04A13538164F32210070B6AE /* Sample_Dic&Array.m */,
			);
			path = SampleProject;
			sourceTree = "<group>";
		};
		04A13515164F27500070B6AE /* Supporting Files */ = {
			isa = PBXGroup;
			children = (
				04A13516164F27500070B6AE /* SampleProject-Info.plist */,
				04A13517164F27500070B6AE /* InfoPlist.strings */,
				04A1351A164F27500070B6AE /* main.m */,
				04A1351C164F27500070B6AE /* SampleProject-Prefix.pch */,
				04A13520164F27500070B6AE /* Default.png */,
				04A13522164F27500070B6AE /* Default@2x.png */,
				04A13524164F27500070B6AE /* Default-568h@2x.png */,
			);
			name = "Supporting Files";
			sourceTree = "<group>";
		};
/* End PBXGroup section */

/* Begin PBXNativeTarget section */
		04A13509164F27500070B6AE /* SampleProject */ = {
			isa = PBXNativeTarget;
			buildConfigurationList = 04A1352E164F27500070B6AE /* Build configuration list for PBXNativeTarget "SampleProject" */;
			buildPhases = (
				04A13506164F27500070B6AE /* Sources */,
				04A13507164F27500070B6AE /* Frameworks */,
				04A13508164F27500070B6AE /* Resources */,
			);
			buildRules = (
			);
			dependencies = (
			);
			name = SampleProject;
			productName = SampleProject;
			productReference = 04A1350A164F27500070B6AE /* SampleProject.app */;
			productType = "com.apple.product-type.application";
		};
/* End PBXNativeTarget section */

/* Begin PBXProject section */
		04A13501164F27500070B6AE /* Project object */ = {
			isa = PBXProject;
			attributes = {
				LastUpgradeCheck = 0450;
				ORGANIZATIONNAME = "高浜 一道";
			};
			buildConfigurationList = 04A13504164F27500070B6AE /* Build configuration list for PBXProject "SampleProject" */;
			compatibilityVersion = "Xcode 3.2";
			developmentRegion = English;
			hasScannedForEncodings = 0;
			knownRegions = (
				en,
			);
			mainGroup = 04A134FF164F27500070B6AE;
			productRefGroup = 04A1350B164F27500070B6AE /* Products */;
			projectDirPath = "";
			projectRoot = "";
			targets = (
				04A13509164F27500070B6AE /* SampleProject */,
			);
		};
/* End PBXProject section */

/* Begin PBXResourcesBuildPhase section */
		04A13508164F27500070B6AE /* Resources */ = {
			isa = PBXResourcesBuildPhase;
			buildActionMask = 2147483647;
			files = (
				04A13519164F27500070B6AE /* InfoPlist.strings in Resources */,
				04A13521164F27500070B6AE /* Default.png in Resources */,
				04A13523164F27500070B6AE /* Default@2x.png in Resources */,
				04A13525164F27500070B6AE /* Default-568h@2x.png in Resources */,
				04A1352B164F27500070B6AE /* ViewController.xib in Resources */,
			);
			runOnlyForDeploymentPostprocessing = 0;
		};
/* End PBXResourcesBuildPhase section */

/* Begin PBXSourcesBuildPhase section */
		04A13506164F27500070B6AE /* Sources */ = {
			isa = PBXSourcesBuildPhase;
			buildActionMask = 2147483647;
			files = (
				04A1351B164F27500070B6AE /* main.m in Sources */,
				04A1351F164F27500070B6AE /* AppDelegate.m in Sources */,
				04A13528164F27500070B6AE /* ViewController.m in Sources */,
				04A13533164F2EE70070B6AE /* Sample_NSString.m in Sources */,
				04A13536164F2FDB0070B6AE /* Sample_Blocks.m in Sources */,
				04A13539164F32210070B6AE /* Sample_Dic&Array.m in Sources */,
			);
			runOnlyForDeploymentPostprocessing = 0;
		};
/* End PBXSourcesBuildPhase section */

/* Begin PBXVariantGroup section */
		04A13517164F27500070B6AE /* InfoPlist.strings */ = {
			isa = PBXVariantGroup;
			children = (
				04A13518164F27500070B6AE /* en */,
			);
			name = InfoPlist.strings;
			sourceTree = "<group>";
		};
		04A13529164F27500070B6AE /* ViewController.xib */ = {
			isa = PBXVariantGroup;
			children = (
				04A1352A164F27500070B6AE /* en */,
			);
			name = ViewController.xib;
			sourceTree = "<group>";
		};
/* End PBXVariantGroup section */

/* Begin XCBuildConfiguration section */
		04A1352C164F27500070B6AE /* Debug */ = {
			isa = XCBuildConfiguration;
			buildSettings = {
				ALWAYS_SEARCH_USER_PATHS = NO;
				CLANG_CXX_LANGUAGE_STANDARD = "gnu++0x";
				CLANG_CXX_LIBRARY = "libc++";
				CLANG_ENABLE_OBJC_ARC = YES;
				CLANG_WARN_EMPTY_BODY = YES;
				CLANG_WARN__DUPLICATE_METHOD_MATCH = YES;
				"CODE_SIGN_IDENTITY[sdk=iphoneos*]" = "iPhone Developer";
				COPY_PHASE_STRIP = NO;
				GCC_C_LANGUAGE_STANDARD = gnu99;
				GCC_DYNAMIC_NO_PIC = NO;
				GCC_OPTIMIZATION_LEVEL = 0;
				GCC_PREPROCESSOR_DEFINITIONS = (
					"DEBUG=1",
					"$(inherited)",
				);
				GCC_SYMBOLS_PRIVATE_EXTERN = NO;
				GCC_WARN_ABOUT_RETURN_TYPE = YES;
				GCC_WARN_UNINITIALIZED_AUTOS = YES;
				GCC_WARN_UNUSED_VARIABLE = YES;
				IPHONEOS_DEPLOYMENT_TARGET = 6.0;
				ONLY_ACTIVE_ARCH = YES;
				SDKROOT = iphoneos;
			};
			name = Debug;
		};
		04A1352D164F27500070B6AE /* Release */ = {
			isa = XCBuildConfiguration;
			buildSettings = {
				ALWAYS_SEARCH_USER_PATHS = NO;
				CLANG_CXX_LANGUAGE_STANDARD = "gnu++0x";
				CLANG_CXX_LIBRARY = "libc++";
				CLANG_ENABLE_OBJC_ARC = YES;
				CLANG_WARN_EMPTY_BODY = YES;
				CLANG_WARN__DUPLICATE_METHOD_MATCH = YES;
				"CODE_SIGN_IDENTITY[sdk=iphoneos*]" = "iPhone Developer";
				COPY_PHASE_STRIP = YES;
				GCC_C_LANGUAGE_STANDARD = gnu99;
				GCC_WARN_ABOUT_RETURN_TYPE = YES;
				GCC_WARN_UNINITIALIZED_AUTOS = YES;
				GCC_WARN_UNUSED_VARIABLE = YES;
				IPHONEOS_DEPLOYMENT_TARGET = 6.0;
				OTHER_CFLAGS = "-DNS_BLOCK_ASSERTIONS=1";
				SDKROOT = iphoneos;
				VALIDATE_PRODUCT = YES;
			};
			name = Release;
		};
		04A1352F164F27500070B6AE /* Debug */ = {
			isa = XCBuildConfiguration;
			buildSettings = {
				GCC_PRECOMPILE_PREFIX_HEADER = YES;
				GCC_PREFIX_HEADER = "SampleProject/SampleProject-Prefix.pch";
				INFOPLIST_FILE = "SampleProject/SampleProject-Info.plist";
				PRODUCT_NAME = "$(TARGET_NAME)";
				WRAPPER_EXTENSION = app;
			};
			name = Debug;
		};
		04A13530164F27500070B6AE /* Release */ = {
			isa = XCBuildConfiguration;
			buildSettings = {
				GCC_PRECOMPILE_PREFIX_HEADER = YES;
				GCC_PREFIX_HEADER = "SampleProject/SampleProject-Prefix.pch";
				INFOPLIST_FILE = "SampleProject/SampleProject-Info.plist";
				PRODUCT_NAME = "$(TARGET_NAME)";
				WRAPPER_EXTENSION = app;
			};
			name = Release;
		};
/* End XCBuildConfiguration section */

/* Begin XCConfigurationList section */
		04A13504164F27500070B6AE /* Build configuration list for PBXProject "SampleProject" */ = {
			isa = XCConfigurationList;
			buildConfigurations = (
				04A1352C164F27500070B6AE /* Debug */,
				04A1352D164F27500070B6AE /* Release */,
			);
			defaultConfigurationIsVisible = 0;
			defaultConfigurationName = Release;
		};
		04A1352E164F27500070B6AE /* Build configuration list for PBXNativeTarget "SampleProject" */ = {
			isa = XCConfigurationList;
			buildConfigurations = (
				04A1352F164F27500070B6AE /* Debug */,
				04A13530164F27500070B6AE /* Release */,
			);
			defaultConfigurationIsVisible = 0;
		};
/* End XCConfigurationList section */
	};
	rootObject = 04A13501164F27500070B6AE /* Project object */;
}
